
Microsoft Visual Studio Solution File, Format Version 12.00
# Visual Studio Version 16
VisualStudioVersion = 16.0.29306.81
MinimumVisualStudioVersion = 10.0.40219.1
Project("{FAE04EC0-301F-11D3-BF4B-00C04F79EFBC}") = "PrimeiroProjeto", "PrimeiroProjeto\PrimeiroProjeto.csproj", "{B7D82759-BF40-438A-8990-3A41106470BF}"
EndProject
Global
	GlobalSection(SolutionConfigurationPlatforms) = preSolution
		Debug|Any CPU = Debug|Any CPU
		Release|Any CPU = Release|Any CPU
	EndGlobalSection
	GlobalSection(ProjectConfigurationPlatforms) = postSolution
		{B7D82759-BF40-438A-8990-3A41106470BF}.Debug|Any CPU.ActiveCfg = Debug|Any CPU
		{B7D82759-BF40-438A-8990-3A41106470BF}.Debug|Any CPU.Build.0 = Debug|Any CPU
		{B7D82759-BF40-438A-8990-3A41106470BF}.Release|Any CPU.ActiveCfg = Release|Any CPU
		{B7D82759-BF40-438A-8990-3A41106470BF}.Release|Any CPU.Build.0 = Release|Any CPU
	EndGlobalSection
	GlobalSection(SolutionProperties) = preSolution
		HideSolutionNode = FALSE
	EndGlobalSection
	GlobalSection(ExtensibilityGlobals) = postSolution
		SolutionGuid = {30429EB0-7FA0-4906-88D6-63871637B73D}
	EndGlobalSection
EndGlobal
