
Microsoft Visual Studio Solution File, Format Version 12.00
# Visual Studio Version 16
VisualStudioVersion = 16.0.29306.81
MinimumVisualStudioVersion = 10.0.40219.1
Project("{FAE04EC0-301F-11D3-BF4B-00C04F79EFBC}") = "Aula19_Operadores", "Aula19_Operadores\Aula19_Operadores.csproj", "{D56582A8-307A-4CE3-BC5F-DBE3C56BC06C}"
EndProject
Global
	GlobalSection(SolutionConfigurationPlatforms) = preSolution
		Debug|Any CPU = Debug|Any CPU
		Release|Any CPU = Release|Any CPU
	EndGlobalSection
	GlobalSection(ProjectConfigurationPlatforms) = postSolution
		{D56582A8-307A-4CE3-BC5F-DBE3C56BC06C}.Debug|Any CPU.ActiveCfg = Debug|Any CPU
		{D56582A8-307A-4CE3-BC5F-DBE3C56BC06C}.Debug|Any CPU.Build.0 = Debug|Any CPU
		{D56582A8-307A-4CE3-BC5F-DBE3C56BC06C}.Release|Any CPU.ActiveCfg = Release|Any CPU
		{D56582A8-307A-4CE3-BC5F-DBE3C56BC06C}.Release|Any CPU.Build.0 = Release|Any CPU
	EndGlobalSection
	GlobalSection(SolutionProperties) = preSolution
		HideSolutionNode = FALSE
	EndGlobalSection
	GlobalSection(ExtensibilityGlobals) = postSolution
		SolutionGuid = {D3E59227-EFCD-479A-984F-8F930C25070F}
	EndGlobalSection
EndGlobal
